
Microsoft Visual Studio Solution File, Format Version 12.00
# Visual Studio 15
VisualStudioVersion = 15.0.27428.2002
MinimumVisualStudioVersion = 10.0.40219.1
Project("{FAE04EC0-301F-11D3-BF4B-00C04F79EFBC}") = "FileUpload", "FileUpload\FileUpload.csproj", "{C65DF816-2EF5-4C18-AC38-B4572DDEF235}"
EndProject
Global
	GlobalSection(SolutionConfigurationPlatforms) = preSolution
		Debug|Any CPU = Debug|Any CPU
		Release|Any CPU = Release|Any CPU
	EndGlobalSection
	GlobalSection(ProjectConfigurationPlatforms) = postSolution
		{C65DF816-2EF5-4C18-AC38-B4572DDEF235}.Debug|Any CPU.ActiveCfg = Debug|Any CPU
		{C65DF816-2EF5-4C18-AC38-B4572DDEF235}.Debug|Any CPU.Build.0 = Debug|Any CPU
		{C65DF816-2EF5-4C18-AC38-B4572DDEF235}.Release|Any CPU.ActiveCfg = Release|Any CPU
		{C65DF816-2EF5-4C18-AC38-B4572DDEF235}.Release|Any CPU.Build.0 = Release|Any CPU
	EndGlobalSection
	GlobalSection(SolutionProperties) = preSolution
		HideSolutionNode = FALSE
	EndGlobalSection
	GlobalSection(ExtensibilityGlobals) = postSolution
		SolutionGuid = {25BE3D50-9589-4165-9F8E-AF69D49D56CE}
	EndGlobalSection
EndGlobal
